
Microsoft Visual Studio Solution File, Format Version 12.00
# Visual Studio 15
VisualStudioVersion = 15.0.26124.0
MinimumVisualStudioVersion = 15.0.26124.0
Project("{FAE04EC0-301F-11D3-BF4B-00C04F79EFBC}") = "CursoOnline.Domain", "CursoOnline.Domain\CursoOnline.Domain.csproj", "{06E8A060-E312-4997-B385-911C82F6911A}"
EndProject
Project("{FAE04EC0-301F-11D3-BF4B-00C04F79EFBC}") = "CursoOnline.Domain.Api", "CursoOnline.Domain.Api\CursoOnline.Domain.Api.csproj", "{E5B8D846-8B52-43B0-A2F1-89E80A9C0A72}"
EndProject
Project("{FAE04EC0-301F-11D3-BF4B-00C04F79EFBC}") = "CursoOnline.Domain.Infra", "CursoOnline.Domain.Infra\CursoOnline.Domain.Infra.csproj", "{5C8C42B3-D1BF-4EAF-A926-1B0C2022F973}"
EndProject
Project("{FAE04EC0-301F-11D3-BF4B-00C04F79EFBC}") = "CursoOnline.Domain.Tests", "CursoOnline.Domain.Tests\CursoOnline.Domain.Tests.csproj", "{B5A98F71-5EE9-4412-9087-F3EA5ABFA12E}"
EndProject
Global
	GlobalSection(SolutionConfigurationPlatforms) = preSolution
		Debug|Any CPU = Debug|Any CPU
		Debug|x64 = Debug|x64
		Debug|x86 = Debug|x86
		Release|Any CPU = Release|Any CPU
		Release|x64 = Release|x64
		Release|x86 = Release|x86
	EndGlobalSection
	GlobalSection(SolutionProperties) = preSolution
		HideSolutionNode = FALSE
	EndGlobalSection
	GlobalSection(ProjectConfigurationPlatforms) = postSolution
		{06E8A060-E312-4997-B385-911C82F6911A}.Debug|Any CPU.ActiveCfg = Debug|Any CPU
		{06E8A060-E312-4997-B385-911C82F6911A}.Debug|Any CPU.Build.0 = Debug|Any CPU
		{06E8A060-E312-4997-B385-911C82F6911A}.Debug|x64.ActiveCfg = Debug|Any CPU
		{06E8A060-E312-4997-B385-911C82F6911A}.Debug|x64.Build.0 = Debug|Any CPU
		{06E8A060-E312-4997-B385-911C82F6911A}.Debug|x86.ActiveCfg = Debug|Any CPU
		{06E8A060-E312-4997-B385-911C82F6911A}.Debug|x86.Build.0 = Debug|Any CPU
		{06E8A060-E312-4997-B385-911C82F6911A}.Release|Any CPU.ActiveCfg = Release|Any CPU
		{06E8A060-E312-4997-B385-911C82F6911A}.Release|Any CPU.Build.0 = Release|Any CPU
		{06E8A060-E312-4997-B385-911C82F6911A}.Release|x64.ActiveCfg = Release|Any CPU
		{06E8A060-E312-4997-B385-911C82F6911A}.Release|x64.Build.0 = Release|Any CPU
		{06E8A060-E312-4997-B385-911C82F6911A}.Release|x86.ActiveCfg = Release|Any CPU
		{06E8A060-E312-4997-B385-911C82F6911A}.Release|x86.Build.0 = Release|Any CPU
		{E5B8D846-8B52-43B0-A2F1-89E80A9C0A72}.Debug|Any CPU.ActiveCfg = Debug|Any CPU
		{E5B8D846-8B52-43B0-A2F1-89E80A9C0A72}.Debug|Any CPU.Build.0 = Debug|Any CPU
		{E5B8D846-8B52-43B0-A2F1-89E80A9C0A72}.Debug|x64.ActiveCfg = Debug|Any CPU
		{E5B8D846-8B52-43B0-A2F1-89E80A9C0A72}.Debug|x64.Build.0 = Debug|Any CPU
		{E5B8D846-8B52-43B0-A2F1-89E80A9C0A72}.Debug|x86.ActiveCfg = Debug|Any CPU
		{E5B8D846-8B52-43B0-A2F1-89E80A9C0A72}.Debug|x86.Build.0 = Debug|Any CPU
		{E5B8D846-8B52-43B0-A2F1-89E80A9C0A72}.Release|Any CPU.ActiveCfg = Release|Any CPU
		{E5B8D846-8B52-43B0-A2F1-89E80A9C0A72}.Release|Any CPU.Build.0 = Release|Any CPU
		{E5B8D846-8B52-43B0-A2F1-89E80A9C0A72}.Release|x64.ActiveCfg = Release|Any CPU
		{E5B8D846-8B52-43B0-A2F1-89E80A9C0A72}.Release|x64.Build.0 = Release|Any CPU
		{E5B8D846-8B52-43B0-A2F1-89E80A9C0A72}.Release|x86.ActiveCfg = Release|Any CPU
		{E5B8D846-8B52-43B0-A2F1-89E80A9C0A72}.Release|x86.Build.0 = Release|Any CPU
		{5C8C42B3-D1BF-4EAF-A926-1B0C2022F973}.Debug|Any CPU.ActiveCfg = Debug|Any CPU
		{5C8C42B3-D1BF-4EAF-A926-1B0C2022F973}.Debug|Any CPU.Build.0 = Debug|Any CPU
		{5C8C42B3-D1BF-4EAF-A926-1B0C2022F973}.Debug|x64.ActiveCfg = Debug|Any CPU
		{5C8C42B3-D1BF-4EAF-A926-1B0C2022F973}.Debug|x64.Build.0 = Debug|Any CPU
		{5C8C42B3-D1BF-4EAF-A926-1B0C2022F973}.Debug|x86.ActiveCfg = Debug|Any CPU
		{5C8C42B3-D1BF-4EAF-A926-1B0C2022F973}.Debug|x86.Build.0 = Debug|Any CPU
		{5C8C42B3-D1BF-4EAF-A926-1B0C2022F973}.Release|Any CPU.ActiveCfg = Release|Any CPU
		{5C8C42B3-D1BF-4EAF-A926-1B0C2022F973}.Release|Any CPU.Build.0 = Release|Any CPU
		{5C8C42B3-D1BF-4EAF-A926-1B0C2022F973}.Release|x64.ActiveCfg = Release|Any CPU
		{5C8C42B3-D1BF-4EAF-A926-1B0C2022F973}.Release|x64.Build.0 = Release|Any CPU
		{5C8C42B3-D1BF-4EAF-A926-1B0C2022F973}.Release|x86.ActiveCfg = Release|Any CPU
		{5C8C42B3-D1BF-4EAF-A926-1B0C2022F973}.Release|x86.Build.0 = Release|Any CPU
		{B5A98F71-5EE9-4412-9087-F3EA5ABFA12E}.Debug|Any CPU.ActiveCfg = Debug|Any CPU
		{B5A98F71-5EE9-4412-9087-F3EA5ABFA12E}.Debug|Any CPU.Build.0 = Debug|Any CPU
		{B5A98F71-5EE9-4412-9087-F3EA5ABFA12E}.Debug|x64.ActiveCfg = Debug|Any CPU
		{B5A98F71-5EE9-4412-9087-F3EA5ABFA12E}.Debug|x64.Build.0 = Debug|Any CPU
		{B5A98F71-5EE9-4412-9087-F3EA5ABFA12E}.Debug|x86.ActiveCfg = Debug|Any CPU
		{B5A98F71-5EE9-4412-9087-F3EA5ABFA12E}.Debug|x86.Build.0 = Debug|Any CPU
		{B5A98F71-5EE9-4412-9087-F3EA5ABFA12E}.Release|Any CPU.ActiveCfg = Release|Any CPU
		{B5A98F71-5EE9-4412-9087-F3EA5ABFA12E}.Release|Any CPU.Build.0 = Release|Any CPU
		{B5A98F71-5EE9-4412-9087-F3EA5ABFA12E}.Release|x64.ActiveCfg = Release|Any CPU
		{B5A98F71-5EE9-4412-9087-F3EA5ABFA12E}.Release|x64.Build.0 = Release|Any CPU
		{B5A98F71-5EE9-4412-9087-F3EA5ABFA12E}.Release|x86.ActiveCfg = Release|Any CPU
		{B5A98F71-5EE9-4412-9087-F3EA5ABFA12E}.Release|x86.Build.0 = Release|Any CPU
	EndGlobalSection
EndGlobal
